
Microsoft Visual Studio Solution File, Format Version 12.00
# 
Project("{FAE04EC0-301F-11D3-BF4B-00C04F79EFBC}") = "api-contracts", "api-contracts\api-contracts.csproj", "{FD66A596-AFB0-45D0-9009-A3CA6F4680B4}"
EndProject
Project("{2150E333-8FDC-42A3-9474-1A3956D46DE8}") = "src", "src", "{C7A4C2A8-D373-4E8C-87B8-EBD0B73C8C85}"
EndProject
Project("{FAE04EC0-301F-11D3-BF4B-00C04F79EFBC}") = "Contracts.Domain", "src\Contracts.Domain\Contracts.Domain.csproj", "{30AC2038-2C43-4E54-B1BE-6566EAEA023D}"
EndProject
Project("{FAE04EC0-301F-11D3-BF4B-00C04F79EFBC}") = "Contracts.Domain.Core", "src\Contracts.Domain.Core\Contracts.Domain.Core.csproj", "{66AA742F-F6ED-4C44-A5F8-A8203E8E14AF}"
EndProject
Project("{FAE04EC0-301F-11D3-BF4B-00C04F79EFBC}") = "Contracts.Infra.Data", "src\Contracts.Infra.Data\Contracts.Infra.Data.csproj", "{263BC547-CC27-42C3-8DF6-CA8E0F1D33C7}"
EndProject
Project("{FAE04EC0-301F-11D3-BF4B-00C04F79EFBC}") = "Contracts.WebApi", "src\Contracts.WebApi\Contracts.WebApi.csproj", "{8F475810-072B-4602-A28C-EC4256273325}"
EndProject
Global
	GlobalSection(SolutionConfigurationPlatforms) = preSolution
		Debug|Any CPU = Debug|Any CPU
		Release|Any CPU = Release|Any CPU
	EndGlobalSection
	GlobalSection(ProjectConfigurationPlatforms) = postSolution
		{FD66A596-AFB0-45D0-9009-A3CA6F4680B4}.Debug|Any CPU.ActiveCfg = Debug|Any CPU
		{FD66A596-AFB0-45D0-9009-A3CA6F4680B4}.Debug|Any CPU.Build.0 = Debug|Any CPU
		{FD66A596-AFB0-45D0-9009-A3CA6F4680B4}.Release|Any CPU.ActiveCfg = Release|Any CPU
		{FD66A596-AFB0-45D0-9009-A3CA6F4680B4}.Release|Any CPU.Build.0 = Release|Any CPU
		{30AC2038-2C43-4E54-B1BE-6566EAEA023D}.Debug|Any CPU.ActiveCfg = Debug|Any CPU
		{30AC2038-2C43-4E54-B1BE-6566EAEA023D}.Debug|Any CPU.Build.0 = Debug|Any CPU
		{30AC2038-2C43-4E54-B1BE-6566EAEA023D}.Release|Any CPU.ActiveCfg = Release|Any CPU
		{30AC2038-2C43-4E54-B1BE-6566EAEA023D}.Release|Any CPU.Build.0 = Release|Any CPU
		{66AA742F-F6ED-4C44-A5F8-A8203E8E14AF}.Debug|Any CPU.ActiveCfg = Debug|Any CPU
		{66AA742F-F6ED-4C44-A5F8-A8203E8E14AF}.Debug|Any CPU.Build.0 = Debug|Any CPU
		{66AA742F-F6ED-4C44-A5F8-A8203E8E14AF}.Release|Any CPU.ActiveCfg = Release|Any CPU
		{66AA742F-F6ED-4C44-A5F8-A8203E8E14AF}.Release|Any CPU.Build.0 = Release|Any CPU
		{263BC547-CC27-42C3-8DF6-CA8E0F1D33C7}.Debug|Any CPU.ActiveCfg = Debug|Any CPU
		{263BC547-CC27-42C3-8DF6-CA8E0F1D33C7}.Debug|Any CPU.Build.0 = Debug|Any CPU
		{263BC547-CC27-42C3-8DF6-CA8E0F1D33C7}.Release|Any CPU.ActiveCfg = Release|Any CPU
		{263BC547-CC27-42C3-8DF6-CA8E0F1D33C7}.Release|Any CPU.Build.0 = Release|Any CPU
		{8F475810-072B-4602-A28C-EC4256273325}.Debug|Any CPU.ActiveCfg = Debug|Any CPU
		{8F475810-072B-4602-A28C-EC4256273325}.Debug|Any CPU.Build.0 = Debug|Any CPU
		{8F475810-072B-4602-A28C-EC4256273325}.Release|Any CPU.ActiveCfg = Release|Any CPU
		{8F475810-072B-4602-A28C-EC4256273325}.Release|Any CPU.Build.0 = Release|Any CPU
	EndGlobalSection
	GlobalSection(NestedProjects) = preSolution
		{30AC2038-2C43-4E54-B1BE-6566EAEA023D} = {C7A4C2A8-D373-4E8C-87B8-EBD0B73C8C85}
		{66AA742F-F6ED-4C44-A5F8-A8203E8E14AF} = {C7A4C2A8-D373-4E8C-87B8-EBD0B73C8C85}
		{263BC547-CC27-42C3-8DF6-CA8E0F1D33C7} = {C7A4C2A8-D373-4E8C-87B8-EBD0B73C8C85}
		{8F475810-072B-4602-A28C-EC4256273325} = {C7A4C2A8-D373-4E8C-87B8-EBD0B73C8C85}
	EndGlobalSection
EndGlobal
