
Microsoft Visual Studio Solution File, Format Version 12.00
Project("{FAE04EC0-301F-11D3-BF4B-00C04F79EFBC}") = "api-contracts", "api-contracts\api-contracts.csproj", "{FD66A596-AFB0-45D0-9009-A3CA6F4680B4}"
EndProject
Global
	GlobalSection(SolutionConfigurationPlatforms) = preSolution
		Debug|Any CPU = Debug|Any CPU
		Release|Any CPU = Release|Any CPU
	EndGlobalSection
	GlobalSection(ProjectConfigurationPlatforms) = postSolution
		{FD66A596-AFB0-45D0-9009-A3CA6F4680B4}.Debug|Any CPU.ActiveCfg = Debug|Any CPU
		{FD66A596-AFB0-45D0-9009-A3CA6F4680B4}.Debug|Any CPU.Build.0 = Debug|Any CPU
		{FD66A596-AFB0-45D0-9009-A3CA6F4680B4}.Release|Any CPU.ActiveCfg = Release|Any CPU
		{FD66A596-AFB0-45D0-9009-A3CA6F4680B4}.Release|Any CPU.Build.0 = Release|Any CPU
	EndGlobalSection
EndGlobal
