
Microsoft Visual Studio Solution File, Format Version 12.00
# Visual Studio Version 16
VisualStudioVersion = 16.0.30002.166
MinimumVisualStudioVersion = 10.0.40219.1
Project("{2150E333-8FDC-42A3-9474-1A3956D46DE8}") = "src", "src", "{C7A4C2A8-D373-4E8C-87B8-EBD0B73C8C85}"
EndProject
Project("{9A19103F-16F7-4668-BE54-9A1E7A4F7556}") = "Contracts.WebApi", "src\Contracts.WebApi\Contracts.WebApi.csproj", "{8F475810-072B-4602-A28C-EC4256273325}"
EndProject
Project("{9A19103F-16F7-4668-BE54-9A1E7A4F7556}") = "Contracts.Tests", "src\Contracts.Tests\Contracts.Tests.csproj", "{6A6B3733-D3C3-4476-A0FE-F6ABB3F23240}"
EndProject
Project("{9A19103F-16F7-4668-BE54-9A1E7A4F7556}") = "Contracts.Shared", "src\Contracts.Shared\Contracts.Shared.csproj", "{4387ECC7-4BB7-4776-A2C1-537C910A4F7E}"
EndProject
Project("{9A19103F-16F7-4668-BE54-9A1E7A4F7556}") = "Contracts.Domain", "src\Contracts.Domain\Contracts.Domain.csproj", "{93534676-1B25-44EC-B6CA-A620940E943D}"
EndProject
Project("{9A19103F-16F7-4668-BE54-9A1E7A4F7556}") = "Contracts.Infra.Data", "src\Contracts.Infra.Data\Contracts.Infra.Data.csproj", "{51DCFACF-8469-46A2-A7DD-68E06A1D3B74}"
EndProject
Project("{FAE04EC0-301F-11D3-BF4B-00C04F79EFBC}") = "Contracts.Ioc", "src\Contracts.Ioc\Contracts.Ioc.csproj", "{33E41B1E-6865-4691-814B-52B297D4D166}"
EndProject
Global
	GlobalSection(SolutionConfigurationPlatforms) = preSolution
		Debug|Any CPU = Debug|Any CPU
		Release|Any CPU = Release|Any CPU
	EndGlobalSection
	GlobalSection(ProjectConfigurationPlatforms) = postSolution
		{8F475810-072B-4602-A28C-EC4256273325}.Debug|Any CPU.ActiveCfg = Debug|Any CPU
		{8F475810-072B-4602-A28C-EC4256273325}.Debug|Any CPU.Build.0 = Debug|Any CPU
		{8F475810-072B-4602-A28C-EC4256273325}.Release|Any CPU.ActiveCfg = Release|Any CPU
		{8F475810-072B-4602-A28C-EC4256273325}.Release|Any CPU.Build.0 = Release|Any CPU
		{6A6B3733-D3C3-4476-A0FE-F6ABB3F23240}.Debug|Any CPU.ActiveCfg = Debug|Any CPU
		{6A6B3733-D3C3-4476-A0FE-F6ABB3F23240}.Debug|Any CPU.Build.0 = Debug|Any CPU
		{6A6B3733-D3C3-4476-A0FE-F6ABB3F23240}.Release|Any CPU.ActiveCfg = Release|Any CPU
		{6A6B3733-D3C3-4476-A0FE-F6ABB3F23240}.Release|Any CPU.Build.0 = Release|Any CPU
		{4387ECC7-4BB7-4776-A2C1-537C910A4F7E}.Debug|Any CPU.ActiveCfg = Debug|Any CPU
		{4387ECC7-4BB7-4776-A2C1-537C910A4F7E}.Debug|Any CPU.Build.0 = Debug|Any CPU
		{4387ECC7-4BB7-4776-A2C1-537C910A4F7E}.Release|Any CPU.ActiveCfg = Release|Any CPU
		{4387ECC7-4BB7-4776-A2C1-537C910A4F7E}.Release|Any CPU.Build.0 = Release|Any CPU
		{93534676-1B25-44EC-B6CA-A620940E943D}.Debug|Any CPU.ActiveCfg = Debug|Any CPU
		{93534676-1B25-44EC-B6CA-A620940E943D}.Debug|Any CPU.Build.0 = Debug|Any CPU
		{93534676-1B25-44EC-B6CA-A620940E943D}.Release|Any CPU.ActiveCfg = Release|Any CPU
		{93534676-1B25-44EC-B6CA-A620940E943D}.Release|Any CPU.Build.0 = Release|Any CPU
		{51DCFACF-8469-46A2-A7DD-68E06A1D3B74}.Debug|Any CPU.ActiveCfg = Debug|Any CPU
		{51DCFACF-8469-46A2-A7DD-68E06A1D3B74}.Debug|Any CPU.Build.0 = Debug|Any CPU
		{51DCFACF-8469-46A2-A7DD-68E06A1D3B74}.Release|Any CPU.ActiveCfg = Release|Any CPU
		{51DCFACF-8469-46A2-A7DD-68E06A1D3B74}.Release|Any CPU.Build.0 = Release|Any CPU
		{33E41B1E-6865-4691-814B-52B297D4D166}.Debug|Any CPU.ActiveCfg = Debug|Any CPU
		{33E41B1E-6865-4691-814B-52B297D4D166}.Debug|Any CPU.Build.0 = Debug|Any CPU
		{33E41B1E-6865-4691-814B-52B297D4D166}.Release|Any CPU.ActiveCfg = Release|Any CPU
		{33E41B1E-6865-4691-814B-52B297D4D166}.Release|Any CPU.Build.0 = Release|Any CPU
	EndGlobalSection
	GlobalSection(SolutionProperties) = preSolution
		HideSolutionNode = FALSE
	EndGlobalSection
	GlobalSection(NestedProjects) = preSolution
		{8F475810-072B-4602-A28C-EC4256273325} = {C7A4C2A8-D373-4E8C-87B8-EBD0B73C8C85}
		{6A6B3733-D3C3-4476-A0FE-F6ABB3F23240} = {C7A4C2A8-D373-4E8C-87B8-EBD0B73C8C85}
		{4387ECC7-4BB7-4776-A2C1-537C910A4F7E} = {C7A4C2A8-D373-4E8C-87B8-EBD0B73C8C85}
		{93534676-1B25-44EC-B6CA-A620940E943D} = {C7A4C2A8-D373-4E8C-87B8-EBD0B73C8C85}
		{51DCFACF-8469-46A2-A7DD-68E06A1D3B74} = {C7A4C2A8-D373-4E8C-87B8-EBD0B73C8C85}
		{33E41B1E-6865-4691-814B-52B297D4D166} = {C7A4C2A8-D373-4E8C-87B8-EBD0B73C8C85}
	EndGlobalSection
	GlobalSection(ExtensibilityGlobals) = postSolution
		SolutionGuid = {210A3DFB-CD56-4CB3-BEFF-7143CF97C736}
	EndGlobalSection
EndGlobal
